
Microsoft Visual Studio Solution File, Format Version 12.00
# Visual Studio Version 17
VisualStudioVersion = 17.9.34728.123
MinimumVisualStudioVersion = 10.0.40219.1
Project("{FAE04EC0-301F-11D3-BF4B-00C04F79EFBC}") = "PixSmith.Encryption", "PixSmith.Encryption\PixSmith.Encryption.csproj", "{691755CB-6AA4-4BFC-B4A7-4A15176F6248}"
EndProject
Global
	GlobalSection(SolutionConfigurationPlatforms) = preSolution
		Debug|Any CPU = Debug|Any CPU
		Release|Any CPU = Release|Any CPU
	EndGlobalSection
	GlobalSection(ProjectConfigurationPlatforms) = postSolution
		{691755CB-6AA4-4BFC-B4A7-4A15176F6248}.Debug|Any CPU.ActiveCfg = Debug|Any CPU
		{691755CB-6AA4-4BFC-B4A7-4A15176F6248}.Debug|Any CPU.Build.0 = Debug|Any CPU
		{691755CB-6AA4-4BFC-B4A7-4A15176F6248}.Release|Any CPU.ActiveCfg = Release|Any CPU
		{691755CB-6AA4-4BFC-B4A7-4A15176F6248}.Release|Any CPU.Build.0 = Release|Any CPU
	EndGlobalSection
	GlobalSection(SolutionProperties) = preSolution
		HideSolutionNode = FALSE
	EndGlobalSection
	GlobalSection(ExtensibilityGlobals) = postSolution
		SolutionGuid = {723BAE85-C01E-4466-969B-0123309BF2C8}
	EndGlobalSection
EndGlobal
